
Microsoft Visual Studio Solution File, Format Version 12.00
# Visual Studio Version 17
VisualStudioVersion = 17.0.31903.59
MinimumVisualStudioVersion = 10.0.40219.1
Project("{9A19103F-16F7-4668-BE54-9A1E7A4F7556}") = "SFA.DAS.Payments.Monitoring.Jobs.Application.UnitTests", "SFA.DAS.Payments.Monitoring.Jobs.Application.UnitTests\SFA.DAS.Payments.Monitoring.Jobs.Application.UnitTests.csproj", "{73ECC5B8-AABB-49D2-B040-464F6492F427}"
EndProject
Project("{9A19103F-16F7-4668-BE54-9A1E7A4F7556}") = "SFA.DAS.Payments.Monitoring.Jobs.Application", "SFA.DAS.Payments.Monitoring.Jobs.Application\SFA.DAS.Payments.Monitoring.Jobs.Application.csproj", "{AD08EA60-5E3A-411E-BB4B-A7D2BFD4CF78}"
EndProject
Project("{9A19103F-16F7-4668-BE54-9A1E7A4F7556}") = "SFA.DAS.Payments.Monitoring.Jobs.Client.UnitTests", "SFA.DAS.Payments.Monitoring.Jobs.Client.UnitTests\SFA.DAS.Payments.Monitoring.Jobs.Client.UnitTests.csproj", "{CCC78A7E-3775-4C4E-B450-C87896BB654F}"
EndProject
Project("{9A19103F-16F7-4668-BE54-9A1E7A4F7556}") = "SFA.DAS.Payments.Monitoring.Jobs.Client", "SFA.DAS.Payments.Monitoring.Jobs.Client\SFA.DAS.Payments.Monitoring.Jobs.Client.csproj", "{F4AA79A9-18F7-4826-AF0A-FD156F875F22}"
EndProject
Project("{9A19103F-16F7-4668-BE54-9A1E7A4F7556}") = "SFA.DAS.Payments.Monitoring.Jobs.Data", "SFA.DAS.Payments.Monitoring.Jobs.Data\SFA.DAS.Payments.Monitoring.Jobs.Data.csproj", "{D0FD52A0-E04A-474E-BA3C-B294B0B81ADF}"
EndProject
Project("{9A19103F-16F7-4668-BE54-9A1E7A4F7556}") = "SFA.DAS.Payments.Monitoring.Jobs.JobService.Interfaces", "SFA.DAS.Payments.Monitoring.Jobs.JobService.Interfaces\SFA.DAS.Payments.Monitoring.Jobs.JobService.Interfaces.csproj", "{C0D610F9-20D7-4498-8AB8-FAFF0E17B743}"
EndProject
Project("{9A19103F-16F7-4668-BE54-9A1E7A4F7556}") = "SFA.DAS.Payments.Monitoring.Jobs.JobService", "SFA.DAS.Payments.Monitoring.Jobs.JobService\SFA.DAS.Payments.Monitoring.Jobs.JobService.csproj", "{50FA062D-3E8B-46BD-AFE8-B1DFC3D6C404}"
EndProject
Project("{9A19103F-16F7-4668-BE54-9A1E7A4F7556}") = "SFA.DAS.Payments.Monitoring.Jobs.Model", "SFA.DAS.Payments.Monitoring.Jobs.Model\SFA.DAS.Payments.Monitoring.Jobs.Model.csproj", "{1968ECD9-BF29-41C5-88B2-92BBBAAD4427}"
EndProject
Project("{9A19103F-16F7-4668-BE54-9A1E7A4F7556}") = "SFA.DAS.Payments.Monitoring.Metrics.Application.UnitTests", "SFA.DAS.Payments.Monitoring.Metrics.Application.UnitTests\SFA.DAS.Payments.Monitoring.Metrics.Application.UnitTests.csproj", "{8BEE3C71-3AFD-4575-9C01-AE5BDC2E483F}"
EndProject
Project("{9A19103F-16F7-4668-BE54-9A1E7A4F7556}") = "SFA.DAS.Payments.Monitoring.Metrics.Application", "SFA.DAS.Payments.Monitoring.Metrics.Application\SFA.DAS.Payments.Monitoring.Metrics.Application.csproj", "{886BBF75-E223-4757-A1FB-D6D22CA7D806}"
EndProject
Project("{9A19103F-16F7-4668-BE54-9A1E7A4F7556}") = "SFA.DAS.Payments.Monitoring.Metrics.CustomEventsDataHelper", "SFA.DAS.Payments.Monitoring.Metrics.CustomEventsDataHelper\SFA.DAS.Payments.Monitoring.Metrics.CustomEventsDataHelper.csproj", "{54F26CAC-0CF3-4D0B-AAD2-DAFACC42D2F2}"
EndProject
Project("{9A19103F-16F7-4668-BE54-9A1E7A4F7556}") = "SFA.DAS.Payments.Monitoring.Metrics.Data.UnitTests", "SFA.DAS.Payments.Monitoring.Metrics.Data.UnitTests\SFA.DAS.Payments.Monitoring.Metrics.Data.UnitTests.csproj", "{F325FBA6-A037-4509-92FE-407E5251A9CE}"
EndProject
Project("{9A19103F-16F7-4668-BE54-9A1E7A4F7556}") = "SFA.DAS.Payments.Monitoring.Metrics.Data", "SFA.DAS.Payments.Monitoring.Metrics.Data\SFA.DAS.Payments.Monitoring.Metrics.Data.csproj", "{677C1BAC-904C-475A-A235-47E610665D63}"
EndProject
Project("{9A19103F-16F7-4668-BE54-9A1E7A4F7556}") = "SFA.DAS.Payments.Monitoring.Metrics.Domain.UnitTests", "SFA.DAS.Payments.Monitoring.Metrics.Domain.UnitTests\SFA.DAS.Payments.Monitoring.Metrics.Domain.UnitTests.csproj", "{DFBE621E-2C76-4E10-B754-DCCE5D2BC5BB}"
EndProject
Project("{9A19103F-16F7-4668-BE54-9A1E7A4F7556}") = "SFA.DAS.Payments.Monitoring.Metrics.Domain", "SFA.DAS.Payments.Monitoring.Metrics.Domain\SFA.DAS.Payments.Monitoring.Metrics.Domain.csproj", "{03B9FE1D-701A-4E8C-91C7-A107F5CD589E}"
EndProject
Project("{9A19103F-16F7-4668-BE54-9A1E7A4F7556}") = "SFA.DAS.Payments.Monitoring.Metrics.Function", "SFA.DAS.Payments.Monitoring.Metrics.Function\SFA.DAS.Payments.Monitoring.Metrics.Function.csproj", "{8F3A15D1-982B-4CDC-839A-A4C7D6FE1C1A}"
EndProject
Project("{9A19103F-16F7-4668-BE54-9A1E7A4F7556}") = "SFA.DAS.Payments.Monitoring.Metrics.Messages", "SFA.DAS.Payments.Monitoring.Metrics.Messages\SFA.DAS.Payments.Monitoring.Metrics.Messages.csproj", "{D8434230-5B0F-462C-AD12-A53168D2E668}"
EndProject
Project("{9A19103F-16F7-4668-BE54-9A1E7A4F7556}") = "SFA.DAS.Payments.Monitoring.Metrics.Model", "SFA.DAS.Payments.Monitoring.Metrics.Model\SFA.DAS.Payments.Monitoring.Metrics.Model.csproj", "{088D5E97-1851-4725-AD99-EBB99DEBE295}"
EndProject
Project("{9A19103F-16F7-4668-BE54-9A1E7A4F7556}") = "SFA.DAS.Payments.Monitoring.Metrics.SubmissionService", "SFA.DAS.Payments.Monitoring.Metrics.SubmissionService\SFA.DAS.Payments.Monitoring.Metrics.SubmissionService.csproj", "{CE1510E0-790D-458B-AF09-4891F9D0A592}"
EndProject
Project("{2150E333-8FDC-42A3-9474-1A3956D46DE8}") = "Jobs", "Jobs", "{3D4F5383-FE38-41FE-9A7D-C002800CEE11}"
EndProject
Project("{2150E333-8FDC-42A3-9474-1A3956D46DE8}") = "Metrics", "Metrics", "{40B19AB4-075D-4BC0-9C16-AA87C84D4640}"
EndProject
Project("{2150E333-8FDC-42A3-9474-1A3956D46DE8}") = "Tests", "Tests", "{47771BA3-1DE3-46D4-8FCF-9CE5EC9916EF}"
EndProject
Project("{2150E333-8FDC-42A3-9474-1A3956D46DE8}") = "Tests", "Tests", "{A250162A-B77F-4BC4-B998-EE8B4C1988BA}"
EndProject
Project("{2150E333-8FDC-42A3-9474-1A3956D46DE8}") = "Submissions", "Submissions", "{263CC69F-6A15-440A-9714-62EAF2B96B51}"
EndProject
Project("{2150E333-8FDC-42A3-9474-1A3956D46DE8}") = "Tests", "Tests", "{187A6DD7-7655-476D-A007-A162BDBF8C42}"
EndProject
Project("{9A19103F-16F7-4668-BE54-9A1E7A4F7556}") = "SFA.DAS.Payments.Monitoring.Jobs.Messages", "SFA.DAS.Payments.Monitoring.Jobs.Messages\SFA.DAS.Payments.Monitoring.Jobs.Messages.csproj", "{466B1CB6-8104-4090-A117-B1AB89464796}"
EndProject
Project("{A07B5EB6-E848-4116-A8D0-A826331D98C6}") = "SFA.DAS.Payments.Monitoring.ServiceFabric", "SFA.DAS.Payments.Monitoring.ServiceFabric\SFA.DAS.Payments.Monitoring.ServiceFabric.sfproj", "{C7D441B0-203C-433A-890B-1DF14576C203}"
EndProject
Project("{2150E333-8FDC-42A3-9474-1A3956D46DE8}") = "Infrastructure", "Infrastructure", "{704B2B6D-B9B3-4B6B-8C36-C3BC3BCF6A00}"
	ProjectSection(SolutionItems) = preProject
		..\as-manifest.yml = ..\as-manifest.yml
		..\azure-pipelines.yml = ..\azure-pipelines.yml
		..\pipeline-templates\job\code-build.yml = ..\pipeline-templates\job\code-build.yml
		..\GitVersion.yml = ..\GitVersion.yml
	EndProjectSection
EndProject
Global
	GlobalSection(SolutionConfigurationPlatforms) = preSolution
		Debug|Any CPU = Debug|Any CPU
		Debug|x64 = Debug|x64
		Release|Any CPU = Release|Any CPU
		Release|x64 = Release|x64
	EndGlobalSection
	GlobalSection(ProjectConfigurationPlatforms) = postSolution
		{73ECC5B8-AABB-49D2-B040-464F6492F427}.Debug|Any CPU.ActiveCfg = Debug|Any CPU
		{73ECC5B8-AABB-49D2-B040-464F6492F427}.Debug|Any CPU.Build.0 = Debug|Any CPU
		{73ECC5B8-AABB-49D2-B040-464F6492F427}.Debug|x64.ActiveCfg = Debug|Any CPU
		{73ECC5B8-AABB-49D2-B040-464F6492F427}.Debug|x64.Build.0 = Debug|Any CPU
		{73ECC5B8-AABB-49D2-B040-464F6492F427}.Release|Any CPU.ActiveCfg = Release|Any CPU
		{73ECC5B8-AABB-49D2-B040-464F6492F427}.Release|Any CPU.Build.0 = Release|Any CPU
		{73ECC5B8-AABB-49D2-B040-464F6492F427}.Release|x64.ActiveCfg = Release|Any CPU
		{73ECC5B8-AABB-49D2-B040-464F6492F427}.Release|x64.Build.0 = Release|Any CPU
		{AD08EA60-5E3A-411E-BB4B-A7D2BFD4CF78}.Debug|Any CPU.ActiveCfg = Debug|Any CPU
		{AD08EA60-5E3A-411E-BB4B-A7D2BFD4CF78}.Debug|Any CPU.Build.0 = Debug|Any CPU
		{AD08EA60-5E3A-411E-BB4B-A7D2BFD4CF78}.Debug|x64.ActiveCfg = Debug|Any CPU
		{AD08EA60-5E3A-411E-BB4B-A7D2BFD4CF78}.Debug|x64.Build.0 = Debug|Any CPU
		{AD08EA60-5E3A-411E-BB4B-A7D2BFD4CF78}.Release|Any CPU.ActiveCfg = Release|Any CPU
		{AD08EA60-5E3A-411E-BB4B-A7D2BFD4CF78}.Release|Any CPU.Build.0 = Release|Any CPU
		{AD08EA60-5E3A-411E-BB4B-A7D2BFD4CF78}.Release|x64.ActiveCfg = Release|Any CPU
		{AD08EA60-5E3A-411E-BB4B-A7D2BFD4CF78}.Release|x64.Build.0 = Release|Any CPU
		{CCC78A7E-3775-4C4E-B450-C87896BB654F}.Debug|Any CPU.ActiveCfg = Debug|Any CPU
		{CCC78A7E-3775-4C4E-B450-C87896BB654F}.Debug|Any CPU.Build.0 = Debug|Any CPU
		{CCC78A7E-3775-4C4E-B450-C87896BB654F}.Debug|x64.ActiveCfg = Debug|Any CPU
		{CCC78A7E-3775-4C4E-B450-C87896BB654F}.Debug|x64.Build.0 = Debug|Any CPU
		{CCC78A7E-3775-4C4E-B450-C87896BB654F}.Release|Any CPU.ActiveCfg = Release|Any CPU
		{CCC78A7E-3775-4C4E-B450-C87896BB654F}.Release|Any CPU.Build.0 = Release|Any CPU
		{CCC78A7E-3775-4C4E-B450-C87896BB654F}.Release|x64.ActiveCfg = Release|Any CPU
		{CCC78A7E-3775-4C4E-B450-C87896BB654F}.Release|x64.Build.0 = Release|Any CPU
		{F4AA79A9-18F7-4826-AF0A-FD156F875F22}.Debug|Any CPU.ActiveCfg = Debug|Any CPU
		{F4AA79A9-18F7-4826-AF0A-FD156F875F22}.Debug|Any CPU.Build.0 = Debug|Any CPU
		{F4AA79A9-18F7-4826-AF0A-FD156F875F22}.Debug|x64.ActiveCfg = Debug|Any CPU
		{F4AA79A9-18F7-4826-AF0A-FD156F875F22}.Debug|x64.Build.0 = Debug|Any CPU
		{F4AA79A9-18F7-4826-AF0A-FD156F875F22}.Release|Any CPU.ActiveCfg = Release|Any CPU
		{F4AA79A9-18F7-4826-AF0A-FD156F875F22}.Release|Any CPU.Build.0 = Release|Any CPU
		{F4AA79A9-18F7-4826-AF0A-FD156F875F22}.Release|x64.ActiveCfg = Release|Any CPU
		{F4AA79A9-18F7-4826-AF0A-FD156F875F22}.Release|x64.Build.0 = Release|Any CPU
		{D0FD52A0-E04A-474E-BA3C-B294B0B81ADF}.Debug|Any CPU.ActiveCfg = Debug|Any CPU
		{D0FD52A0-E04A-474E-BA3C-B294B0B81ADF}.Debug|Any CPU.Build.0 = Debug|Any CPU
		{D0FD52A0-E04A-474E-BA3C-B294B0B81ADF}.Debug|x64.ActiveCfg = Debug|Any CPU
		{D0FD52A0-E04A-474E-BA3C-B294B0B81ADF}.Debug|x64.Build.0 = Debug|Any CPU
		{D0FD52A0-E04A-474E-BA3C-B294B0B81ADF}.Release|Any CPU.ActiveCfg = Release|Any CPU
		{D0FD52A0-E04A-474E-BA3C-B294B0B81ADF}.Release|Any CPU.Build.0 = Release|Any CPU
		{D0FD52A0-E04A-474E-BA3C-B294B0B81ADF}.Release|x64.ActiveCfg = Release|Any CPU
		{D0FD52A0-E04A-474E-BA3C-B294B0B81ADF}.Release|x64.Build.0 = Release|Any CPU
		{C0D610F9-20D7-4498-8AB8-FAFF0E17B743}.Debug|Any CPU.ActiveCfg = Debug|Any CPU
		{C0D610F9-20D7-4498-8AB8-FAFF0E17B743}.Debug|Any CPU.Build.0 = Debug|Any CPU
		{C0D610F9-20D7-4498-8AB8-FAFF0E17B743}.Debug|x64.ActiveCfg = Debug|Any CPU
		{C0D610F9-20D7-4498-8AB8-FAFF0E17B743}.Debug|x64.Build.0 = Debug|Any CPU
		{C0D610F9-20D7-4498-8AB8-FAFF0E17B743}.Release|Any CPU.ActiveCfg = Release|Any CPU
		{C0D610F9-20D7-4498-8AB8-FAFF0E17B743}.Release|Any CPU.Build.0 = Release|Any CPU
		{C0D610F9-20D7-4498-8AB8-FAFF0E17B743}.Release|x64.ActiveCfg = Release|Any CPU
		{C0D610F9-20D7-4498-8AB8-FAFF0E17B743}.Release|x64.Build.0 = Release|Any CPU
		{50FA062D-3E8B-46BD-AFE8-B1DFC3D6C404}.Debug|Any CPU.ActiveCfg = Debug|Any CPU
		{50FA062D-3E8B-46BD-AFE8-B1DFC3D6C404}.Debug|Any CPU.Build.0 = Debug|Any CPU
		{50FA062D-3E8B-46BD-AFE8-B1DFC3D6C404}.Debug|x64.ActiveCfg = Debug|Any CPU
		{50FA062D-3E8B-46BD-AFE8-B1DFC3D6C404}.Debug|x64.Build.0 = Debug|Any CPU
		{50FA062D-3E8B-46BD-AFE8-B1DFC3D6C404}.Release|Any CPU.ActiveCfg = Release|Any CPU
		{50FA062D-3E8B-46BD-AFE8-B1DFC3D6C404}.Release|Any CPU.Build.0 = Release|Any CPU
		{50FA062D-3E8B-46BD-AFE8-B1DFC3D6C404}.Release|x64.ActiveCfg = Release|Any CPU
		{50FA062D-3E8B-46BD-AFE8-B1DFC3D6C404}.Release|x64.Build.0 = Release|Any CPU
		{1968ECD9-BF29-41C5-88B2-92BBBAAD4427}.Debug|Any CPU.ActiveCfg = Debug|Any CPU
		{1968ECD9-BF29-41C5-88B2-92BBBAAD4427}.Debug|Any CPU.Build.0 = Debug|Any CPU
		{1968ECD9-BF29-41C5-88B2-92BBBAAD4427}.Debug|x64.ActiveCfg = Debug|Any CPU
		{1968ECD9-BF29-41C5-88B2-92BBBAAD4427}.Debug|x64.Build.0 = Debug|Any CPU
		{1968ECD9-BF29-41C5-88B2-92BBBAAD4427}.Release|Any CPU.ActiveCfg = Release|Any CPU
		{1968ECD9-BF29-41C5-88B2-92BBBAAD4427}.Release|Any CPU.Build.0 = Release|Any CPU
		{1968ECD9-BF29-41C5-88B2-92BBBAAD4427}.Release|x64.ActiveCfg = Release|Any CPU
		{1968ECD9-BF29-41C5-88B2-92BBBAAD4427}.Release|x64.Build.0 = Release|Any CPU
		{8BEE3C71-3AFD-4575-9C01-AE5BDC2E483F}.Debug|Any CPU.ActiveCfg = Debug|Any CPU
		{8BEE3C71-3AFD-4575-9C01-AE5BDC2E483F}.Debug|Any CPU.Build.0 = Debug|Any CPU
		{8BEE3C71-3AFD-4575-9C01-AE5BDC2E483F}.Debug|x64.ActiveCfg = Debug|Any CPU
		{8BEE3C71-3AFD-4575-9C01-AE5BDC2E483F}.Debug|x64.Build.0 = Debug|Any CPU
		{8BEE3C71-3AFD-4575-9C01-AE5BDC2E483F}.Release|Any CPU.ActiveCfg = Release|Any CPU
		{8BEE3C71-3AFD-4575-9C01-AE5BDC2E483F}.Release|Any CPU.Build.0 = Release|Any CPU
		{8BEE3C71-3AFD-4575-9C01-AE5BDC2E483F}.Release|x64.ActiveCfg = Release|Any CPU
		{8BEE3C71-3AFD-4575-9C01-AE5BDC2E483F}.Release|x64.Build.0 = Release|Any CPU
		{886BBF75-E223-4757-A1FB-D6D22CA7D806}.Debug|Any CPU.ActiveCfg = Debug|Any CPU
		{886BBF75-E223-4757-A1FB-D6D22CA7D806}.Debug|Any CPU.Build.0 = Debug|Any CPU
		{886BBF75-E223-4757-A1FB-D6D22CA7D806}.Debug|x64.ActiveCfg = Debug|Any CPU
		{886BBF75-E223-4757-A1FB-D6D22CA7D806}.Debug|x64.Build.0 = Debug|Any CPU
		{886BBF75-E223-4757-A1FB-D6D22CA7D806}.Release|Any CPU.ActiveCfg = Release|Any CPU
		{886BBF75-E223-4757-A1FB-D6D22CA7D806}.Release|Any CPU.Build.0 = Release|Any CPU
		{886BBF75-E223-4757-A1FB-D6D22CA7D806}.Release|x64.ActiveCfg = Release|Any CPU
		{886BBF75-E223-4757-A1FB-D6D22CA7D806}.Release|x64.Build.0 = Release|Any CPU
		{54F26CAC-0CF3-4D0B-AAD2-DAFACC42D2F2}.Debug|Any CPU.ActiveCfg = Debug|Any CPU
		{54F26CAC-0CF3-4D0B-AAD2-DAFACC42D2F2}.Debug|Any CPU.Build.0 = Debug|Any CPU
		{54F26CAC-0CF3-4D0B-AAD2-DAFACC42D2F2}.Debug|x64.ActiveCfg = Debug|Any CPU
		{54F26CAC-0CF3-4D0B-AAD2-DAFACC42D2F2}.Debug|x64.Build.0 = Debug|Any CPU
		{54F26CAC-0CF3-4D0B-AAD2-DAFACC42D2F2}.Release|Any CPU.ActiveCfg = Release|Any CPU
		{54F26CAC-0CF3-4D0B-AAD2-DAFACC42D2F2}.Release|Any CPU.Build.0 = Release|Any CPU
		{54F26CAC-0CF3-4D0B-AAD2-DAFACC42D2F2}.Release|x64.ActiveCfg = Release|Any CPU
		{54F26CAC-0CF3-4D0B-AAD2-DAFACC42D2F2}.Release|x64.Build.0 = Release|Any CPU
		{F325FBA6-A037-4509-92FE-407E5251A9CE}.Debug|Any CPU.ActiveCfg = Debug|Any CPU
		{F325FBA6-A037-4509-92FE-407E5251A9CE}.Debug|Any CPU.Build.0 = Debug|Any CPU
		{F325FBA6-A037-4509-92FE-407E5251A9CE}.Debug|x64.ActiveCfg = Debug|Any CPU
		{F325FBA6-A037-4509-92FE-407E5251A9CE}.Debug|x64.Build.0 = Debug|Any CPU
		{F325FBA6-A037-4509-92FE-407E5251A9CE}.Release|Any CPU.ActiveCfg = Release|Any CPU
		{F325FBA6-A037-4509-92FE-407E5251A9CE}.Release|Any CPU.Build.0 = Release|Any CPU
		{F325FBA6-A037-4509-92FE-407E5251A9CE}.Release|x64.ActiveCfg = Release|Any CPU
		{F325FBA6-A037-4509-92FE-407E5251A9CE}.Release|x64.Build.0 = Release|Any CPU
		{677C1BAC-904C-475A-A235-47E610665D63}.Debug|Any CPU.ActiveCfg = Debug|Any CPU
		{677C1BAC-904C-475A-A235-47E610665D63}.Debug|Any CPU.Build.0 = Debug|Any CPU
		{677C1BAC-904C-475A-A235-47E610665D63}.Debug|x64.ActiveCfg = Debug|Any CPU
		{677C1BAC-904C-475A-A235-47E610665D63}.Debug|x64.Build.0 = Debug|Any CPU
		{677C1BAC-904C-475A-A235-47E610665D63}.Release|Any CPU.ActiveCfg = Release|Any CPU
		{677C1BAC-904C-475A-A235-47E610665D63}.Release|Any CPU.Build.0 = Release|Any CPU
		{677C1BAC-904C-475A-A235-47E610665D63}.Release|x64.ActiveCfg = Release|Any CPU
		{677C1BAC-904C-475A-A235-47E610665D63}.Release|x64.Build.0 = Release|Any CPU
		{DFBE621E-2C76-4E10-B754-DCCE5D2BC5BB}.Debug|Any CPU.ActiveCfg = Debug|Any CPU
		{DFBE621E-2C76-4E10-B754-DCCE5D2BC5BB}.Debug|Any CPU.Build.0 = Debug|Any CPU
		{DFBE621E-2C76-4E10-B754-DCCE5D2BC5BB}.Debug|x64.ActiveCfg = Debug|Any CPU
		{DFBE621E-2C76-4E10-B754-DCCE5D2BC5BB}.Debug|x64.Build.0 = Debug|Any CPU
		{DFBE621E-2C76-4E10-B754-DCCE5D2BC5BB}.Release|Any CPU.ActiveCfg = Release|Any CPU
		{DFBE621E-2C76-4E10-B754-DCCE5D2BC5BB}.Release|Any CPU.Build.0 = Release|Any CPU
		{DFBE621E-2C76-4E10-B754-DCCE5D2BC5BB}.Release|x64.ActiveCfg = Release|Any CPU
		{DFBE621E-2C76-4E10-B754-DCCE5D2BC5BB}.Release|x64.Build.0 = Release|Any CPU
		{03B9FE1D-701A-4E8C-91C7-A107F5CD589E}.Debug|Any CPU.ActiveCfg = Debug|Any CPU
		{03B9FE1D-701A-4E8C-91C7-A107F5CD589E}.Debug|Any CPU.Build.0 = Debug|Any CPU
		{03B9FE1D-701A-4E8C-91C7-A107F5CD589E}.Debug|x64.ActiveCfg = Debug|Any CPU
		{03B9FE1D-701A-4E8C-91C7-A107F5CD589E}.Debug|x64.Build.0 = Debug|Any CPU
		{03B9FE1D-701A-4E8C-91C7-A107F5CD589E}.Release|Any CPU.ActiveCfg = Release|Any CPU
		{03B9FE1D-701A-4E8C-91C7-A107F5CD589E}.Release|Any CPU.Build.0 = Release|Any CPU
		{03B9FE1D-701A-4E8C-91C7-A107F5CD589E}.Release|x64.ActiveCfg = Release|Any CPU
		{03B9FE1D-701A-4E8C-91C7-A107F5CD589E}.Release|x64.Build.0 = Release|Any CPU
		{8F3A15D1-982B-4CDC-839A-A4C7D6FE1C1A}.Debug|Any CPU.ActiveCfg = Debug|Any CPU
		{8F3A15D1-982B-4CDC-839A-A4C7D6FE1C1A}.Debug|Any CPU.Build.0 = Debug|Any CPU
		{8F3A15D1-982B-4CDC-839A-A4C7D6FE1C1A}.Debug|x64.ActiveCfg = Debug|Any CPU
		{8F3A15D1-982B-4CDC-839A-A4C7D6FE1C1A}.Debug|x64.Build.0 = Debug|Any CPU
		{8F3A15D1-982B-4CDC-839A-A4C7D6FE1C1A}.Release|Any CPU.ActiveCfg = Release|Any CPU
		{8F3A15D1-982B-4CDC-839A-A4C7D6FE1C1A}.Release|Any CPU.Build.0 = Release|Any CPU
		{8F3A15D1-982B-4CDC-839A-A4C7D6FE1C1A}.Release|x64.ActiveCfg = Release|Any CPU
		{8F3A15D1-982B-4CDC-839A-A4C7D6FE1C1A}.Release|x64.Build.0 = Release|Any CPU
		{D8434230-5B0F-462C-AD12-A53168D2E668}.Debug|Any CPU.ActiveCfg = Debug|Any CPU
		{D8434230-5B0F-462C-AD12-A53168D2E668}.Debug|Any CPU.Build.0 = Debug|Any CPU
		{D8434230-5B0F-462C-AD12-A53168D2E668}.Debug|x64.ActiveCfg = Debug|Any CPU
		{D8434230-5B0F-462C-AD12-A53168D2E668}.Debug|x64.Build.0 = Debug|Any CPU
		{D8434230-5B0F-462C-AD12-A53168D2E668}.Release|Any CPU.ActiveCfg = Release|Any CPU
		{D8434230-5B0F-462C-AD12-A53168D2E668}.Release|Any CPU.Build.0 = Release|Any CPU
		{D8434230-5B0F-462C-AD12-A53168D2E668}.Release|x64.ActiveCfg = Release|Any CPU
		{D8434230-5B0F-462C-AD12-A53168D2E668}.Release|x64.Build.0 = Release|Any CPU
		{088D5E97-1851-4725-AD99-EBB99DEBE295}.Debug|Any CPU.ActiveCfg = Debug|Any CPU
		{088D5E97-1851-4725-AD99-EBB99DEBE295}.Debug|Any CPU.Build.0 = Debug|Any CPU
		{088D5E97-1851-4725-AD99-EBB99DEBE295}.Debug|x64.ActiveCfg = Debug|Any CPU
		{088D5E97-1851-4725-AD99-EBB99DEBE295}.Debug|x64.Build.0 = Debug|Any CPU
		{088D5E97-1851-4725-AD99-EBB99DEBE295}.Release|Any CPU.ActiveCfg = Release|Any CPU
		{088D5E97-1851-4725-AD99-EBB99DEBE295}.Release|Any CPU.Build.0 = Release|Any CPU
		{088D5E97-1851-4725-AD99-EBB99DEBE295}.Release|x64.ActiveCfg = Release|Any CPU
		{088D5E97-1851-4725-AD99-EBB99DEBE295}.Release|x64.Build.0 = Release|Any CPU
		{CE1510E0-790D-458B-AF09-4891F9D0A592}.Debug|Any CPU.ActiveCfg = Debug|Any CPU
		{CE1510E0-790D-458B-AF09-4891F9D0A592}.Debug|Any CPU.Build.0 = Debug|Any CPU
		{CE1510E0-790D-458B-AF09-4891F9D0A592}.Debug|x64.ActiveCfg = Debug|Any CPU
		{CE1510E0-790D-458B-AF09-4891F9D0A592}.Debug|x64.Build.0 = Debug|Any CPU
		{CE1510E0-790D-458B-AF09-4891F9D0A592}.Release|Any CPU.ActiveCfg = Release|Any CPU
		{CE1510E0-790D-458B-AF09-4891F9D0A592}.Release|Any CPU.Build.0 = Release|Any CPU
		{CE1510E0-790D-458B-AF09-4891F9D0A592}.Release|x64.ActiveCfg = Release|Any CPU
		{CE1510E0-790D-458B-AF09-4891F9D0A592}.Release|x64.Build.0 = Release|Any CPU
		{466B1CB6-8104-4090-A117-B1AB89464796}.Debug|Any CPU.ActiveCfg = Debug|Any CPU
		{466B1CB6-8104-4090-A117-B1AB89464796}.Debug|Any CPU.Build.0 = Debug|Any CPU
		{466B1CB6-8104-4090-A117-B1AB89464796}.Debug|x64.ActiveCfg = Debug|Any CPU
		{466B1CB6-8104-4090-A117-B1AB89464796}.Debug|x64.Build.0 = Debug|Any CPU
		{466B1CB6-8104-4090-A117-B1AB89464796}.Release|Any CPU.ActiveCfg = Release|Any CPU
		{466B1CB6-8104-4090-A117-B1AB89464796}.Release|Any CPU.Build.0 = Release|Any CPU
		{466B1CB6-8104-4090-A117-B1AB89464796}.Release|x64.ActiveCfg = Release|Any CPU
		{466B1CB6-8104-4090-A117-B1AB89464796}.Release|x64.Build.0 = Release|Any CPU
		{C7D441B0-203C-433A-890B-1DF14576C203}.Debug|Any CPU.ActiveCfg = Debug|x64
		{C7D441B0-203C-433A-890B-1DF14576C203}.Debug|Any CPU.Build.0 = Debug|x64
		{C7D441B0-203C-433A-890B-1DF14576C203}.Debug|Any CPU.Deploy.0 = Debug|x64
		{C7D441B0-203C-433A-890B-1DF14576C203}.Debug|x64.ActiveCfg = Debug|x64
		{C7D441B0-203C-433A-890B-1DF14576C203}.Debug|x64.Build.0 = Debug|x64
		{C7D441B0-203C-433A-890B-1DF14576C203}.Debug|x64.Deploy.0 = Debug|x64
		{C7D441B0-203C-433A-890B-1DF14576C203}.Release|Any CPU.ActiveCfg = Release|x64
		{C7D441B0-203C-433A-890B-1DF14576C203}.Release|Any CPU.Build.0 = Release|x64
		{C7D441B0-203C-433A-890B-1DF14576C203}.Release|Any CPU.Deploy.0 = Release|x64
		{C7D441B0-203C-433A-890B-1DF14576C203}.Release|x64.ActiveCfg = Release|x64
		{C7D441B0-203C-433A-890B-1DF14576C203}.Release|x64.Build.0 = Release|x64
		{C7D441B0-203C-433A-890B-1DF14576C203}.Release|x64.Deploy.0 = Release|x64
	EndGlobalSection
	GlobalSection(SolutionProperties) = preSolution
		HideSolutionNode = FALSE
	EndGlobalSection
	GlobalSection(NestedProjects) = preSolution
		{73ECC5B8-AABB-49D2-B040-464F6492F427} = {A250162A-B77F-4BC4-B998-EE8B4C1988BA}
		{AD08EA60-5E3A-411E-BB4B-A7D2BFD4CF78} = {3D4F5383-FE38-41FE-9A7D-C002800CEE11}
		{CCC78A7E-3775-4C4E-B450-C87896BB654F} = {A250162A-B77F-4BC4-B998-EE8B4C1988BA}
		{F4AA79A9-18F7-4826-AF0A-FD156F875F22} = {3D4F5383-FE38-41FE-9A7D-C002800CEE11}
		{D0FD52A0-E04A-474E-BA3C-B294B0B81ADF} = {3D4F5383-FE38-41FE-9A7D-C002800CEE11}
		{C0D610F9-20D7-4498-8AB8-FAFF0E17B743} = {3D4F5383-FE38-41FE-9A7D-C002800CEE11}
		{50FA062D-3E8B-46BD-AFE8-B1DFC3D6C404} = {3D4F5383-FE38-41FE-9A7D-C002800CEE11}
		{1968ECD9-BF29-41C5-88B2-92BBBAAD4427} = {3D4F5383-FE38-41FE-9A7D-C002800CEE11}
		{8BEE3C71-3AFD-4575-9C01-AE5BDC2E483F} = {187A6DD7-7655-476D-A007-A162BDBF8C42}
		{886BBF75-E223-4757-A1FB-D6D22CA7D806} = {40B19AB4-075D-4BC0-9C16-AA87C84D4640}
		{54F26CAC-0CF3-4D0B-AAD2-DAFACC42D2F2} = {47771BA3-1DE3-46D4-8FCF-9CE5EC9916EF}
		{F325FBA6-A037-4509-92FE-407E5251A9CE} = {187A6DD7-7655-476D-A007-A162BDBF8C42}
		{677C1BAC-904C-475A-A235-47E610665D63} = {40B19AB4-075D-4BC0-9C16-AA87C84D4640}
		{DFBE621E-2C76-4E10-B754-DCCE5D2BC5BB} = {187A6DD7-7655-476D-A007-A162BDBF8C42}
		{03B9FE1D-701A-4E8C-91C7-A107F5CD589E} = {40B19AB4-075D-4BC0-9C16-AA87C84D4640}
		{8F3A15D1-982B-4CDC-839A-A4C7D6FE1C1A} = {40B19AB4-075D-4BC0-9C16-AA87C84D4640}
		{D8434230-5B0F-462C-AD12-A53168D2E668} = {40B19AB4-075D-4BC0-9C16-AA87C84D4640}
		{088D5E97-1851-4725-AD99-EBB99DEBE295} = {40B19AB4-075D-4BC0-9C16-AA87C84D4640}
		{CE1510E0-790D-458B-AF09-4891F9D0A592} = {263CC69F-6A15-440A-9714-62EAF2B96B51}
		{A250162A-B77F-4BC4-B998-EE8B4C1988BA} = {3D4F5383-FE38-41FE-9A7D-C002800CEE11}
		{263CC69F-6A15-440A-9714-62EAF2B96B51} = {40B19AB4-075D-4BC0-9C16-AA87C84D4640}
		{187A6DD7-7655-476D-A007-A162BDBF8C42} = {40B19AB4-075D-4BC0-9C16-AA87C84D4640}
		{466B1CB6-8104-4090-A117-B1AB89464796} = {3D4F5383-FE38-41FE-9A7D-C002800CEE11}
	EndGlobalSection
	GlobalSection(ExtensibilityGlobals) = postSolution
		SolutionGuid = {C30FFC58-B562-43C6-9B29-DDCB7800FC2F}
	EndGlobalSection
EndGlobal
